
Microsoft Visual Studio Solution File, Format Version 12.00
# Visual Studio Version 17
VisualStudioVersion = 17.9.34607.119
MinimumVisualStudioVersion = 10.0.40219.1
Project("{FAE04EC0-301F-11D3-BF4B-00C04F79EFBC}") = "AppGrIT", "AppGrIT.csproj", "{D648224B-52D7-485B-ACA0-C2CBBCC24B91}"
EndProject
Global
	GlobalSection(SolutionConfigurationPlatforms) = preSolution
		Debug|Any CPU = Debug|Any CPU
		Release|Any CPU = Release|Any CPU
	EndGlobalSection
	GlobalSection(ProjectConfigurationPlatforms) = postSolution
		{D648224B-52D7-485B-ACA0-C2CBBCC24B91}.Debug|Any CPU.ActiveCfg = Debug|Any CPU
		{D648224B-52D7-485B-ACA0-C2CBBCC24B91}.Debug|Any CPU.Build.0 = Debug|Any CPU
		{D648224B-52D7-485B-ACA0-C2CBBCC24B91}.Release|Any CPU.ActiveCfg = Release|Any CPU
		{D648224B-52D7-485B-ACA0-C2CBBCC24B91}.Release|Any CPU.Build.0 = Release|Any CPU
	EndGlobalSection
	GlobalSection(SolutionProperties) = preSolution
		HideSolutionNode = FALSE
	EndGlobalSection
	GlobalSection(ExtensibilityGlobals) = postSolution
		SolutionGuid = {58BE5097-28B7-4109-9745-DF9FFAFC8C6B}
	EndGlobalSection
EndGlobal
